Microsoft Visual Studio Solution File, Format Version 12.00
# Visual Studio Version 17
VisualStudioVersion = 17.12.35506.116
MinimumVisualStudioVersion = 10.0.40219.1
Project("{FAE04EC0-301F-11D3-BF4B-00C04F79EFBC}") = "DirectExchange.Producer", "RabbitMQ\DirectExchange.Producer.csproj", "{500AEF10-3733-44DB-B171-31AE708C32D0}"
EndProject
Project("{FAE04EC0-301F-11D3-BF4B-00C04F79EFBC}") = "DirectExchange.Consumer", "DirectExchange.Consumer\DirectExchange.Consumer.csproj", "{68C20FAB-6EEC-4A11-B2E0-8EEB1948A78C}"
EndProject
Project("{FAE04EC0-301F-11D3-BF4B-00C04F79EFBC}") = "FanOutExchange.Producer", "FanOutExchange.Producer\FanOutExchange.Producer.csproj", "{46F6E6B4-D46E-4A45-BC14-3CD31D1230ED}"
EndProject
Project("{FAE04EC0-301F-11D3-BF4B-00C04F79EFBC}") = "FanOutExchange.Consumer", "FanOutExchange.Consumer\FanOutExchange.Consumer.csproj", "{46C5F2AA-CB3A-4EF6-878A-8FABC874395E}"
EndProject
Global
	GlobalSection(SolutionConfigurationPlatforms) = preSolution
		Debug|Any CPU = Debug|Any CPU
		Release|Any CPU = Release|Any CPU
	EndGlobalSection
	GlobalSection(ProjectConfigurationPlatforms) = postSolution
		{500AEF10-3733-44DB-B171-31AE708C32D0}.Debug|Any CPU.ActiveCfg = Debug|Any CPU
		{500AEF10-3733-44DB-B171-31AE708C32D0}.Debug|Any CPU.Build.0 = Debug|Any CPU
		{500AEF10-3733-44DB-B171-31AE708C32D0}.Release|Any CPU.ActiveCfg = Release|Any CPU
		{500AEF10-3733-44DB-B171-31AE708C32D0}.Release|Any CPU.Build.0 = Release|Any CPU
		{68C20FAB-6EEC-4A11-B2E0-8EEB1948A78C}.Debug|Any CPU.ActiveCfg = Debug|Any CPU
		{68C20FAB-6EEC-4A11-B2E0-8EEB1948A78C}.Debug|Any CPU.Build.0 = Debug|Any CPU
		{68C20FAB-6EEC-4A11-B2E0-8EEB1948A78C}.Release|Any CPU.ActiveCfg = Release|Any CPU
		{68C20FAB-6EEC-4A11-B2E0-8EEB1948A78C}.Release|Any CPU.Build.0 = Release|Any CPU
		{46F6E6B4-D46E-4A45-BC14-3CD31D1230ED}.Debug|Any CPU.ActiveCfg = Debug|Any CPU
		{46F6E6B4-D46E-4A45-BC14-3CD31D1230ED}.Debug|Any CPU.Build.0 = Debug|Any CPU
		{46F6E6B4-D46E-4A45-BC14-3CD31D1230ED}.Release|Any CPU.ActiveCfg = Release|Any CPU
		{46F6E6B4-D46E-4A45-BC14-3CD31D1230ED}.Release|Any CPU.Build.0 = Release|Any CPU
		{46C5F2AA-CB3A-4EF6-878A-8FABC874395E}.Debug|Any CPU.ActiveCfg = Debug|Any CPU
		{46C5F2AA-CB3A-4EF6-878A-8FABC874395E}.Debug|Any CPU.Build.0 = Debug|Any CPU
		{46C5F2AA-CB3A-4EF6-878A-8FABC874395E}.Release|Any CPU.ActiveCfg = Release|Any CPU
		{46C5F2AA-CB3A-4EF6-878A-8FABC874395E}.Release|Any CPU.Build.0 = Release|Any CPU
	EndGlobalSection
	GlobalSection(SolutionProperties) = preSolution
		HideSolutionNode = FALSE
	EndGlobalSection
EndGlobal
